<?xml version="1.0" encoding="utf-8"?>
<Project ToolsVersion="4.0" xmlns="http://schemas.microsoft.com/developer/msbuild/2003">
  <ItemGroup>
    <Filter Include="Quelldateien">
      <UniqueIdentifier>{4FC737F1-C7A5-4376-A066-2A32D752A2FF}</UniqueIdentifier>
      <Extensions>cpp;c;cc;cxx;def;odl;idl;hpj;bat;asm;asmx</Extensions>
    </Filter>
    <Filter Include="Headerdateien">
      <UniqueIdentifier>{93995380-89BD-4b04-88EB-625FBE52EBFB}</UniqueIdentifier>
      <Extensions>h;hpp;hxx;hm;inl;inc;xsd</Extensions>
    </Filter>
    <Filter Include="Ressourcendateien">
      <UniqueIdentifier>{67DA6AB6-F800-4c08-8B7A-83BB121AAD01}</UniqueIdentifier>
      <Extensions>rc;ico;cur;bmp;dlg;rc2;rct;bin;rgs;gif;jpg;jpeg;jpe;resx;tiff;tif;png;wav;mfcribbon-ms</Extensions>
    </Filter>
    <Filter Include="Shader">
      <UniqueIdentifier>{671c945b-ad23-4906-bd76-ba025bfd56c5}</UniqueIdentifier>
    </Filter>
  </ItemGroup>
  <ItemGroup>
    <ClCompile Include="main.cpp">
      <Filter>Quelldateien</Filter>
    </ClCompile>
    <ClCompile Include="math_helper.cpp">
      <Filter>Quelldateien</Filter>
    </ClCompile>
    <ClCompile Include="Shader.cpp">
      <Filter>Quelldateien</Filter>
    </ClCompile>
    <ClCompile Include="Shaderprogram.cpp">
      <Filter>Quelldateien</Filter>
    </ClCompile>
    <ClCompile Include="Buffer.cpp">
      <Filter>Quelldateien</Filter>
    </ClCompile>
    <ClCompile Include="VertexArray.cpp">
      <Filter>Quelldateien</Filter>
    </ClCompile>
  </ItemGroup>
  <ItemGroup>
    <ClInclude Include="math_helper.h">
      <Filter>Quelldateien</Filter>
    </ClInclude>
    <ClInclude Include="Shader.h">
      <Filter>Quelldateien</Filter>
    </ClInclude>
    <ClInclude Include="Shaderprogram.h">
      <Filter>Quelldateien</Filter>
    </ClInclude>
    <ClInclude Include="Buffer.h">
      <Filter>Quelldateien</Filter>
    </ClInclude>
    <ClInclude Include="VertexArray.h">
      <Filter>Quelldateien</Filter>
    </ClInclude>
  </ItemGroup>
  <ItemGroup>
    <None Include="shader\render.frag">
      <Filter>Shader</Filter>
    </None>
    <None Include="shader\render.vert">
      <Filter>Shader</Filter>
    </None>
    <None Include="shader\tree.geo">
      <Filter>Shader</Filter>
    </None>
    <None Include="shader\tree.vert">
      <Filter>Shader</Filter>
    </None>
    <None Include="shader\testRender.vert">
      <Filter>Shader</Filter>
    </None>
    <None Include="shader\testRender.frag">
      <Filter>Shader</Filter>
    </None>
    <None Include="shader\teststruct2Render.frag">
      <Filter>Shader</Filter>
    </None>
    <None Include="shader\teststruct2Render.vert">
      <Filter>Shader</Filter>
    </None>
  </ItemGroup>
</Project>